
Microsoft Visual Studio Solution File, Format Version 12.00
# Visual Studio Version 16
VisualStudioVersion = 16.0.31005.135
MinimumVisualStudioVersion = 10.0.40219.1
Project("{9A19103F-16F7-4668-BE54-9A1E7A4F7556}") = "TripService.UnitTest", "TripService.UnitTest\TripService.UnitTest.csproj", "{A1B190B4-0807-4B61-A628-791691DBFE4B}"
EndProject
Project("{9A19103F-16F7-4668-BE54-9A1E7A4F7556}") = "TripService.IntegrationTest", "TripService.IntegrationTest\TripService.IntegrationTest.csproj", "{A3AA6272-A137-42C2-AD2D-C7E687DA056E}"
EndProject
Project("{9A19103F-16F7-4668-BE54-9A1E7A4F7556}") = "TripService", "TripService\TripService.csproj", "{6068E37C-810D-4891-9755-7BEC3958BDBE}"
EndProject
Global
	GlobalSection(SolutionConfigurationPlatforms) = preSolution
		Debug|Any CPU = Debug|Any CPU
		Release|Any CPU = Release|Any CPU
	EndGlobalSection
	GlobalSection(ProjectConfigurationPlatforms) = postSolution
		{A1B190B4-0807-4B61-A628-791691DBFE4B}.Debug|Any CPU.ActiveCfg = Debug|Any CPU
		{A1B190B4-0807-4B61-A628-791691DBFE4B}.Debug|Any CPU.Build.0 = Debug|Any CPU
		{A1B190B4-0807-4B61-A628-791691DBFE4B}.Release|Any CPU.ActiveCfg = Release|Any CPU
		{A1B190B4-0807-4B61-A628-791691DBFE4B}.Release|Any CPU.Build.0 = Release|Any CPU
		{A3AA6272-A137-42C2-AD2D-C7E687DA056E}.Debug|Any CPU.ActiveCfg = Debug|Any CPU
		{A3AA6272-A137-42C2-AD2D-C7E687DA056E}.Debug|Any CPU.Build.0 = Debug|Any CPU
		{A3AA6272-A137-42C2-AD2D-C7E687DA056E}.Release|Any CPU.ActiveCfg = Release|Any CPU
		{A3AA6272-A137-42C2-AD2D-C7E687DA056E}.Release|Any CPU.Build.0 = Release|Any CPU
		{6068E37C-810D-4891-9755-7BEC3958BDBE}.Debug|Any CPU.ActiveCfg = Debug|Any CPU
		{6068E37C-810D-4891-9755-7BEC3958BDBE}.Debug|Any CPU.Build.0 = Debug|Any CPU
		{6068E37C-810D-4891-9755-7BEC3958BDBE}.Release|Any CPU.ActiveCfg = Release|Any CPU
		{6068E37C-810D-4891-9755-7BEC3958BDBE}.Release|Any CPU.Build.0 = Release|Any CPU
	EndGlobalSection
	GlobalSection(SolutionProperties) = preSolution
		HideSolutionNode = FALSE
	EndGlobalSection
	GlobalSection(ExtensibilityGlobals) = postSolution
		SolutionGuid = {EC1A61E9-0AE4-4A9C-90F8-B6CDEF963E08}
	EndGlobalSection
EndGlobal
